{
  "name": "randy-pub",
  "lockfileVersion": 3,
  "requires": true,
  "packages": {
    "": {
      "dependencies": {
        "bluesky-comments": "^0.4.0",
        "highlight.js": "^11.10.0"
      }
    },
    "node_modules/@atproto/api": {
      "version": "0.13.18",
      "resolved": "https://registry.npmjs.org/@atproto/api/-/api-0.13.18.tgz",
      "integrity": "sha512-rrl5HhzGYWZ7fiC965TPBUOVItq9M4dxMb6qz8IvAVQliSkrJrKc7UD0QWL89QiiXaOBuX8w+4i5r4wrfBGddg==",
      "dependencies": {
        "@atproto/common-web": "^0.3.1",
        "@atproto/lexicon": "^0.4.3",
        "@atproto/syntax": "^0.3.1",
        "@atproto/xrpc": "^0.6.4",
        "await-lock": "^2.2.2",
        "multiformats": "^9.9.0",
        "tlds": "^1.234.0",
        "zod": "^3.23.8"
      }
    },
    "node_modules/@atproto/common-web": {
      "version": "0.3.1",
      "resolved": "https://registry.npmjs.org/@atproto/common-web/-/common-web-0.3.1.tgz",
      "integrity": "sha512-N7wiTnus5vAr+lT//0y8m/FaHHLJ9LpGuEwkwDAeV3LCiPif4m/FS8x/QOYrx1PdZQwKso95RAPzCGWQBH5j6Q==",
      "dependencies": {
        "graphemer": "^1.4.0",
        "multiformats": "^9.9.0",
        "uint8arrays": "3.0.0",
        "zod": "^3.23.8"
      }
    },
    "node_modules/@atproto/lexicon": {
      "version": "0.4.3",
      "resolved": "https://registry.npmjs.org/@atproto/lexicon/-/lexicon-0.4.3.tgz",
      "integrity": "sha512-lFVZXe1S1pJP0dcxvJuHP3r/a+EAIBwwU7jUK+r8iLhIja+ml6NmYv8KeFHmIJATh03spEQ9s02duDmFVdCoXg==",
      "dependencies": {
        "@atproto/common-web": "^0.3.1",
        "@atproto/syntax": "^0.3.1",
        "iso-datestring-validator": "^2.2.2",
        "multiformats": "^9.9.0",
        "zod": "^3.23.8"
      }
    },
    "node_modules/@atproto/syntax": {
      "version": "0.3.1",
      "resolved": "https://registry.npmjs.org/@atproto/syntax/-/syntax-0.3.1.tgz",
      "integrity": "sha512-fzW0Mg1QUOVCWUD3RgEsDt6d1OZ6DdFmbKcDdbzUfh0t4rhtRAC05KbZYmxuMPWDAiJ4BbbQ5dkAc/mNypMXkw=="
    },
    "node_modules/@atproto/xrpc": {
      "version": "0.6.4",
      "resolved": "https://registry.npmjs.org/@atproto/xrpc/-/xrpc-0.6.4.tgz",
      "integrity": "sha512-9ZAJ8nsXTqC4XFyS0E1Wlg7bAvonhXQNQ3Ocs1L1LIwFLXvsw/4fNpIHXxvXvqTCVeyHLbImOnE9UiO1c/qIYA==",
      "dependencies": {
        "@atproto/lexicon": "^0.4.3",
        "zod": "^3.23.8"
      }
    },
    "node_modules/await-lock": {
      "version": "2.2.2",
      "resolved": "https://registry.npmjs.org/await-lock/-/await-lock-2.2.2.tgz",
      "integrity": "sha512-aDczADvlvTGajTDjcjpJMqRkOF6Qdz3YbPZm/PyW6tKPkx2hlYBzxMhEywM/tU72HrVZjgl5VCdRuMlA7pZ8Gw=="
    },
    "node_modules/bluesky-comments": {
      "version": "0.4.0",
      "resolved": "https://registry.npmjs.org/bluesky-comments/-/bluesky-comments-0.4.0.tgz",
      "integrity": "sha512-EApeQ8V3rjG2TXFA+vxfvYPVblEuqp1B8J/UF54nc/2tBS2jbbrdAye/sIolUmaCh17j4AAMSOT4gQCzgFL3cg==",
      "dependencies": {
        "@atproto/api": "^0.13.18",
        "react": "^18.3.1",
        "react-dom": "^18.3.1"
      },
      "peerDependencies": {
        "react": ">=16.8.0",
        "react-dom": ">=16.8.0"
      }
    },
    "node_modules/graphemer": {
      "version": "1.4.0",
      "resolved": "https://registry.npmjs.org/graphemer/-/graphemer-1.4.0.tgz",
      "integrity": "sha512-EtKwoO6kxCL9WO5xipiHTZlSzBm7WLT627TqC/uVRd0HKmq8NXyebnNYxDoBi7wt8eTWrUrKXCOVaFq9x1kgag=="
    },
    "node_modules/highlight.js": {
      "version": "11.10.0",
      "resolved": "https://registry.npmjs.org/highlight.js/-/highlight.js-11.10.0.tgz",
      "integrity": "sha512-SYVnVFswQER+zu1laSya563s+F8VDGt7o35d4utbamowvUNLLMovFqwCLSocpZTz3MgaSRA1IbqRWZv97dtErQ==",
      "engines": {
        "node": ">=12.0.0"
      }
    },
    "node_modules/iso-datestring-validator": {
      "version": "2.2.2",
      "resolved": "https://registry.npmjs.org/iso-datestring-validator/-/iso-datestring-validator-2.2.2.tgz",
      "integrity": "sha512-yLEMkBbLZTlVQqOnQ4FiMujR6T4DEcCb1xizmvXS+OxuhwcbtynoosRzdMA69zZCShCNAbi+gJ71FxZBBXx1SA=="
    },
    "node_modules/js-tokens": {
      "version": "4.0.0",
      "resolved": "https://registry.npmjs.org/js-tokens/-/js-tokens-4.0.0.tgz",
      "integrity": "sha512-RdJUflcE3cUzKiMqQgsCu06FPu9UdIJO0beYbPhHN4k6apgJtifcoCtT9bcxOpYBtpD2kCM6Sbzg4CausW/PKQ=="
    },
    "node_modules/loose-envify": {
      "version": "1.4.0",
      "resolved": "https://registry.npmjs.org/loose-envify/-/loose-envify-1.4.0.tgz",
      "integrity": "sha512-lyuxPGr/Wfhrlem2CL/UcnUc1zcqKAImBDzukY7Y5F/yQiNdko6+fRLevlw1HgMySw7f611UIY408EtxRSoK3Q==",
      "dependencies": {
        "js-tokens": "^3.0.0 || ^4.0.0"
      },
      "bin": {
        "loose-envify": "cli.js"
      }
    },
    "node_modules/multiformats": {
      "version": "9.9.0",
      "resolved": "https://registry.npmjs.org/multiformats/-/multiformats-9.9.0.tgz",
      "integrity": "sha512-HoMUjhH9T8DDBNT+6xzkrd9ga/XiBI4xLr58LJACwK6G3HTOPeMz4nB4KJs33L2BelrIJa7P0VuNaVF3hMYfjg=="
    },
    "node_modules/react": {
      "version": "18.3.1",
      "resolved": "https://registry.npmjs.org/react/-/react-18.3.1.tgz",
      "integrity": "sha512-wS+hAgJShR0KhEvPJArfuPVN1+Hz1t0Y6n5jLrGQbkb4urgPE/0Rve+1kMB1v/oWgHgm4WIcV+i7F2pTVj+2iQ==",
      "dependencies": {
        "loose-envify": "^1.1.0"
      },
      "engines": {
        "node": ">=0.10.0"
      }
    },
    "node_modules/react-dom": {
      "version": "18.3.1",
      "resolved": "https://registry.npmjs.org/react-dom/-/react-dom-18.3.1.tgz",
      "integrity": "sha512-5m4nQKp+rZRb09LNH59GM4BxTh9251/ylbKIbpe7TpGxfJ+9kv6BLkLBXIjjspbgbnIBNqlI23tRnTWT0snUIw==",
      "dependencies": {
        "loose-envify": "^1.1.0",
        "scheduler": "^0.23.2"
      },
      "peerDependencies": {
        "react": "^18.3.1"
      }
    },
    "node_modules/scheduler": {
      "version": "0.23.2",
      "resolved": "https://registry.npmjs.org/scheduler/-/scheduler-0.23.2.tgz",
      "integrity": "sha512-UOShsPwz7NrMUqhR6t0hWjFduvOzbtv7toDH1/hIrfRNIDBnnBWd0CwJTGvTpngVlmwGCdP9/Zl/tVrDqcuYzQ==",
      "dependencies": {
        "loose-envify": "^1.1.0"
      }
    },
    "node_modules/tlds": {
      "version": "1.255.0",
      "resolved": "https://registry.npmjs.org/tlds/-/tlds-1.255.0.tgz",
      "integrity": "sha512-tcwMRIioTcF/FcxLev8MJWxCp+GUALRhFEqbDoZrnowmKSGqPrl5pqS+Sut2m8BgJ6S4FExCSSpGffZ0Tks6Aw==",
      "bin": {
        "tlds": "bin.js"
      }
    },
    "node_modules/uint8arrays": {
      "version": "3.0.0",
      "resolved": "https://registry.npmjs.org/uint8arrays/-/uint8arrays-3.0.0.tgz",
      "integrity": "sha512-HRCx0q6O9Bfbp+HHSfQQKD7wU70+lydKVt4EghkdOvlK/NlrF90z+eXV34mUd48rNvVJXwkrMSPpCATkct8fJA==",
      "dependencies": {
        "multiformats": "^9.4.2"
      }
    },
    "node_modules/zod": {
      "version": "3.23.8",
      "resolved": "https://registry.npmjs.org/zod/-/zod-3.23.8.tgz",
      "integrity": "sha512-XBx9AXhXktjUqnepgTiE5flcKIYWi/rme0Eaj+5Y0lftuGBq+jyRu/md4WnuxqgP1ubdpNCsYEYPxrzVHD8d6g==",
      "funding": {
        "url": "https://github.com/sponsors/colinhacks"
      }
    }
  }
}
